
Microsoft Visual Studio Solution File, Format Version 12.00
# Visual Studio Version 17
VisualStudioVersion = 17.13.35828.75 d17.13
MinimumVisualStudioVersion = 10.0.40219.1
Project("{FAE04EC0-301F-11D3-BF4B-00C04F79EFBC}") = "AuthMech", "AuthMech\AuthMech.csproj", "{D7FB51AA-E6AC-4C87-ABAD-955A44BBC7AA}"
EndProject
Global
	GlobalSection(SolutionConfigurationPlatforms) = preSolution
		Debug|Any CPU = Debug|Any CPU
		Release|Any CPU = Release|Any CPU
	EndGlobalSection
	GlobalSection(ProjectConfigurationPlatforms) = postSolution
		{D7FB51AA-E6AC-4C87-ABAD-955A44BBC7AA}.Debug|Any CPU.ActiveCfg = Debug|Any CPU
		{D7FB51AA-E6AC-4C87-ABAD-955A44BBC7AA}.Debug|Any CPU.Build.0 = Debug|Any CPU
		{D7FB51AA-E6AC-4C87-ABAD-955A44BBC7AA}.Release|Any CPU.ActiveCfg = Release|Any CPU
		{D7FB51AA-E6AC-4C87-ABAD-955A44BBC7AA}.Release|Any CPU.Build.0 = Release|Any CPU
	EndGlobalSection
	GlobalSection(SolutionProperties) = preSolution
		HideSolutionNode = FALSE
	EndGlobalSection
	GlobalSection(ExtensibilityGlobals) = postSolution
		SolutionGuid = {0AEA1646-2453-455E-953A-2723656FAD24}
	EndGlobalSection
EndGlobal
