
Microsoft Visual Studio Solution File, Format Version 12.00
# Visual Studio Version 17
VisualStudioVersion = 17.13.35828.75 d17.13
MinimumVisualStudioVersion = 10.0.40219.1
Project("{FAE04EC0-301F-11D3-BF4B-00C04F79EFBC}") = "twoth", "twoth\twoth.csproj", "{9307677B-C779-4E1B-8108-8B705794EE64}"
EndProject
Global
	GlobalSection(SolutionConfigurationPlatforms) = preSolution
		Debug|Any CPU = Debug|Any CPU
		Release|Any CPU = Release|Any CPU
	EndGlobalSection
	GlobalSection(ProjectConfigurationPlatforms) = postSolution
		{9307677B-C779-4E1B-8108-8B705794EE64}.Debug|Any CPU.ActiveCfg = Debug|Any CPU
		{9307677B-C779-4E1B-8108-8B705794EE64}.Debug|Any CPU.Build.0 = Debug|Any CPU
		{9307677B-C779-4E1B-8108-8B705794EE64}.Release|Any CPU.ActiveCfg = Release|Any CPU
		{9307677B-C779-4E1B-8108-8B705794EE64}.Release|Any CPU.Build.0 = Release|Any CPU
	EndGlobalSection
	GlobalSection(SolutionProperties) = preSolution
		HideSolutionNode = FALSE
	EndGlobalSection
	GlobalSection(ExtensibilityGlobals) = postSolution
		SolutionGuid = {EDD2D5AA-89FE-4AB5-A8C2-21CF2F186392}
	EndGlobalSection
EndGlobal
